
Microsoft Visual Studio Solution File, Format Version 12.00
# Visual Studio Version 17
VisualStudioVersion = 17.3.32929.385
MinimumVisualStudioVersion = 10.0.40219.1
Project("{9A19103F-16F7-4668-BE54-9A1E7A4F7556}") = "RPG-POO", "RPG-POO\RPG-POO.csproj", "{E6769456-86C7-4D1D-BDF7-741F00919AD0}"
EndProject
Project("{FAE04EC0-301F-11D3-BF4B-00C04F79EFBC}") = "RPG-POO.Data", "RPG-POO.Data\RPG-POO.Data.csproj", "{B8703A71-D8AA-4E29-8C3F-43B5724073BC}"
EndProject
Project("{FAE04EC0-301F-11D3-BF4B-00C04F79EFBC}") = "RPG-POO.Domain", "RPG-POO.Domain\RPG-POO.Domain.csproj", "{2EC68220-4034-4A80-B2B6-868570F9B2A6}"
EndProject
Global
	GlobalSection(SolutionConfigurationPlatforms) = preSolution
		Debug|Any CPU = Debug|Any CPU
		Release|Any CPU = Release|Any CPU
	EndGlobalSection
	GlobalSection(ProjectConfigurationPlatforms) = postSolution
		{E6769456-86C7-4D1D-BDF7-741F00919AD0}.Debug|Any CPU.ActiveCfg = Debug|Any CPU
		{E6769456-86C7-4D1D-BDF7-741F00919AD0}.Debug|Any CPU.Build.0 = Debug|Any CPU
		{E6769456-86C7-4D1D-BDF7-741F00919AD0}.Release|Any CPU.ActiveCfg = Release|Any CPU
		{E6769456-86C7-4D1D-BDF7-741F00919AD0}.Release|Any CPU.Build.0 = Release|Any CPU
		{B8703A71-D8AA-4E29-8C3F-43B5724073BC}.Debug|Any CPU.ActiveCfg = Debug|Any CPU
		{B8703A71-D8AA-4E29-8C3F-43B5724073BC}.Debug|Any CPU.Build.0 = Debug|Any CPU
		{B8703A71-D8AA-4E29-8C3F-43B5724073BC}.Release|Any CPU.ActiveCfg = Release|Any CPU
		{B8703A71-D8AA-4E29-8C3F-43B5724073BC}.Release|Any CPU.Build.0 = Release|Any CPU
		{2EC68220-4034-4A80-B2B6-868570F9B2A6}.Debug|Any CPU.ActiveCfg = Debug|Any CPU
		{2EC68220-4034-4A80-B2B6-868570F9B2A6}.Debug|Any CPU.Build.0 = Debug|Any CPU
		{2EC68220-4034-4A80-B2B6-868570F9B2A6}.Release|Any CPU.ActiveCfg = Release|Any CPU
		{2EC68220-4034-4A80-B2B6-868570F9B2A6}.Release|Any CPU.Build.0 = Release|Any CPU
	EndGlobalSection
	GlobalSection(SolutionProperties) = preSolution
		HideSolutionNode = FALSE
	EndGlobalSection
	GlobalSection(ExtensibilityGlobals) = postSolution
		SolutionGuid = {3A138455-C9E4-4D1E-8D75-2CDE529CFEAC}
	EndGlobalSection
EndGlobal
